
Microsoft Visual Studio Solution File, Format Version 12.00
# Visual Studio Version 17
VisualStudioVersion = 17.7.34031.279
MinimumVisualStudioVersion = 10.0.40219.1
Project("{9A19103F-16F7-4668-BE54-9A1E7A4F7556}") = "MongoSpyglass.Service", "MongoSpyglass.Service\MongoSpyglass.Service.csproj", "{D1DC1148-03D5-4803-A7E9-CE635E2DA71C}"
EndProject
Project("{9A19103F-16F7-4668-BE54-9A1E7A4F7556}") = "MongoSpyglass.Proxy", "MongoSpyglass.Proxy\MongoSpyglass.Proxy.csproj", "{32F6C45E-00D0-4533-8475-4C35F2236F5A}"
EndProject
Project("{9A19103F-16F7-4668-BE54-9A1E7A4F7556}") = "Playground", "Playground\Playground.csproj", "{7BC464C1-3D55-4831-AF28-69B7A3B3A4B5}"
EndProject
Project("{9A19103F-16F7-4668-BE54-9A1E7A4F7556}") = "MongoSpyglass.Proxy.Tests", "MongoSpyglass.Proxy.Tests\MongoSpyglass.Proxy.Tests.csproj", "{AEBDD392-3A35-4156-9658-DA80654895C5}"
EndProject
Project("{9A19103F-16F7-4668-BE54-9A1E7A4F7556}") = "Benchmarks", "Benchmarks\Benchmarks.csproj", "{D3F4187E-EB12-4A0D-959D-54D3FCA058F3}"
EndProject
Project("{2150E333-8FDC-42A3-9474-1A3956D46DE8}") = "Solution Items", "Solution Items", "{09A8184A-5C4B-4929-92AA-923AE13D6E00}"
	ProjectSection(SolutionItems) = preProject
		.editorconfig = .editorconfig
		docker-compose.yml = docker-compose.yml
	EndProjectSection
EndProject
Project("{FAE04EC0-301F-11D3-BF4B-00C04F79EFBC}") = "DemoApp", "DemoApp\DemoApp.csproj", "{DF4EEAF1-F26D-4453-A124-85A4C94DEC3F}"
EndProject
Project("{FAE04EC0-301F-11D3-BF4B-00C04F79EFBC}") = "MongoSpyglass.Service.Tests", "MongoSpyglass.Service.Tests\MongoSpyglass.Service.Tests.csproj", "{FD20452B-D389-4D34-AA5B-31173B4264C5}"
EndProject
Global
	GlobalSection(SolutionConfigurationPlatforms) = preSolution
		Debug|Any CPU = Debug|Any CPU
		Debug|x64 = Debug|x64
		Debug|x86 = Debug|x86
		Release|Any CPU = Release|Any CPU
		Release|x64 = Release|x64
		Release|x86 = Release|x86
	EndGlobalSection
	GlobalSection(ProjectConfigurationPlatforms) = postSolution
		{D1DC1148-03D5-4803-A7E9-CE635E2DA71C}.Debug|Any CPU.ActiveCfg = Debug|Any CPU
		{D1DC1148-03D5-4803-A7E9-CE635E2DA71C}.Debug|Any CPU.Build.0 = Debug|Any CPU
		{D1DC1148-03D5-4803-A7E9-CE635E2DA71C}.Debug|x64.ActiveCfg = Debug|Any CPU
		{D1DC1148-03D5-4803-A7E9-CE635E2DA71C}.Debug|x64.Build.0 = Debug|Any CPU
		{D1DC1148-03D5-4803-A7E9-CE635E2DA71C}.Debug|x86.ActiveCfg = Debug|Any CPU
		{D1DC1148-03D5-4803-A7E9-CE635E2DA71C}.Debug|x86.Build.0 = Debug|Any CPU
		{D1DC1148-03D5-4803-A7E9-CE635E2DA71C}.Release|Any CPU.ActiveCfg = Release|Any CPU
		{D1DC1148-03D5-4803-A7E9-CE635E2DA71C}.Release|Any CPU.Build.0 = Release|Any CPU
		{D1DC1148-03D5-4803-A7E9-CE635E2DA71C}.Release|x64.ActiveCfg = Release|Any CPU
		{D1DC1148-03D5-4803-A7E9-CE635E2DA71C}.Release|x64.Build.0 = Release|Any CPU
		{D1DC1148-03D5-4803-A7E9-CE635E2DA71C}.Release|x86.ActiveCfg = Release|Any CPU
		{D1DC1148-03D5-4803-A7E9-CE635E2DA71C}.Release|x86.Build.0 = Release|Any CPU
		{32F6C45E-00D0-4533-8475-4C35F2236F5A}.Debug|Any CPU.ActiveCfg = Debug|Any CPU
		{32F6C45E-00D0-4533-8475-4C35F2236F5A}.Debug|Any CPU.Build.0 = Debug|Any CPU
		{32F6C45E-00D0-4533-8475-4C35F2236F5A}.Debug|x64.ActiveCfg = Debug|Any CPU
		{32F6C45E-00D0-4533-8475-4C35F2236F5A}.Debug|x64.Build.0 = Debug|Any CPU
		{32F6C45E-00D0-4533-8475-4C35F2236F5A}.Debug|x86.ActiveCfg = Debug|Any CPU
		{32F6C45E-00D0-4533-8475-4C35F2236F5A}.Debug|x86.Build.0 = Debug|Any CPU
		{32F6C45E-00D0-4533-8475-4C35F2236F5A}.Release|Any CPU.ActiveCfg = Release|Any CPU
		{32F6C45E-00D0-4533-8475-4C35F2236F5A}.Release|Any CPU.Build.0 = Release|Any CPU
		{32F6C45E-00D0-4533-8475-4C35F2236F5A}.Release|x64.ActiveCfg = Release|Any CPU
		{32F6C45E-00D0-4533-8475-4C35F2236F5A}.Release|x64.Build.0 = Release|Any CPU
		{32F6C45E-00D0-4533-8475-4C35F2236F5A}.Release|x86.ActiveCfg = Release|Any CPU
		{32F6C45E-00D0-4533-8475-4C35F2236F5A}.Release|x86.Build.0 = Release|Any CPU
		{7BC464C1-3D55-4831-AF28-69B7A3B3A4B5}.Debug|Any CPU.ActiveCfg = Debug|Any CPU
		{7BC464C1-3D55-4831-AF28-69B7A3B3A4B5}.Debug|Any CPU.Build.0 = Debug|Any CPU
		{7BC464C1-3D55-4831-AF28-69B7A3B3A4B5}.Debug|x64.ActiveCfg = Debug|Any CPU
		{7BC464C1-3D55-4831-AF28-69B7A3B3A4B5}.Debug|x64.Build.0 = Debug|Any CPU
		{7BC464C1-3D55-4831-AF28-69B7A3B3A4B5}.Debug|x86.ActiveCfg = Debug|Any CPU
		{7BC464C1-3D55-4831-AF28-69B7A3B3A4B5}.Debug|x86.Build.0 = Debug|Any CPU
		{7BC464C1-3D55-4831-AF28-69B7A3B3A4B5}.Release|Any CPU.ActiveCfg = Release|Any CPU
		{7BC464C1-3D55-4831-AF28-69B7A3B3A4B5}.Release|Any CPU.Build.0 = Release|Any CPU
		{7BC464C1-3D55-4831-AF28-69B7A3B3A4B5}.Release|x64.ActiveCfg = Release|Any CPU
		{7BC464C1-3D55-4831-AF28-69B7A3B3A4B5}.Release|x64.Build.0 = Release|Any CPU
		{7BC464C1-3D55-4831-AF28-69B7A3B3A4B5}.Release|x86.ActiveCfg = Release|Any CPU
		{7BC464C1-3D55-4831-AF28-69B7A3B3A4B5}.Release|x86.Build.0 = Release|Any CPU
		{AEBDD392-3A35-4156-9658-DA80654895C5}.Debug|Any CPU.ActiveCfg = Debug|Any CPU
		{AEBDD392-3A35-4156-9658-DA80654895C5}.Debug|Any CPU.Build.0 = Debug|Any CPU
		{AEBDD392-3A35-4156-9658-DA80654895C5}.Debug|x64.ActiveCfg = Debug|Any CPU
		{AEBDD392-3A35-4156-9658-DA80654895C5}.Debug|x64.Build.0 = Debug|Any CPU
		{AEBDD392-3A35-4156-9658-DA80654895C5}.Debug|x86.ActiveCfg = Debug|Any CPU
		{AEBDD392-3A35-4156-9658-DA80654895C5}.Debug|x86.Build.0 = Debug|Any CPU
		{AEBDD392-3A35-4156-9658-DA80654895C5}.Release|Any CPU.ActiveCfg = Release|Any CPU
		{AEBDD392-3A35-4156-9658-DA80654895C5}.Release|Any CPU.Build.0 = Release|Any CPU
		{AEBDD392-3A35-4156-9658-DA80654895C5}.Release|x64.ActiveCfg = Release|Any CPU
		{AEBDD392-3A35-4156-9658-DA80654895C5}.Release|x64.Build.0 = Release|Any CPU
		{AEBDD392-3A35-4156-9658-DA80654895C5}.Release|x86.ActiveCfg = Release|Any CPU
		{AEBDD392-3A35-4156-9658-DA80654895C5}.Release|x86.Build.0 = Release|Any CPU
		{D3F4187E-EB12-4A0D-959D-54D3FCA058F3}.Debug|Any CPU.ActiveCfg = Debug|Any CPU
		{D3F4187E-EB12-4A0D-959D-54D3FCA058F3}.Debug|Any CPU.Build.0 = Debug|Any CPU
		{D3F4187E-EB12-4A0D-959D-54D3FCA058F3}.Debug|x64.ActiveCfg = Debug|Any CPU
		{D3F4187E-EB12-4A0D-959D-54D3FCA058F3}.Debug|x64.Build.0 = Debug|Any CPU
		{D3F4187E-EB12-4A0D-959D-54D3FCA058F3}.Debug|x86.ActiveCfg = Debug|Any CPU
		{D3F4187E-EB12-4A0D-959D-54D3FCA058F3}.Debug|x86.Build.0 = Debug|Any CPU
		{D3F4187E-EB12-4A0D-959D-54D3FCA058F3}.Release|Any CPU.ActiveCfg = Release|Any CPU
		{D3F4187E-EB12-4A0D-959D-54D3FCA058F3}.Release|Any CPU.Build.0 = Release|Any CPU
		{D3F4187E-EB12-4A0D-959D-54D3FCA058F3}.Release|x64.ActiveCfg = Release|Any CPU
		{D3F4187E-EB12-4A0D-959D-54D3FCA058F3}.Release|x64.Build.0 = Release|Any CPU
		{D3F4187E-EB12-4A0D-959D-54D3FCA058F3}.Release|x86.ActiveCfg = Release|Any CPU
		{D3F4187E-EB12-4A0D-959D-54D3FCA058F3}.Release|x86.Build.0 = Release|Any CPU
		{DF4EEAF1-F26D-4453-A124-85A4C94DEC3F}.Debug|Any CPU.ActiveCfg = Debug|Any CPU
		{DF4EEAF1-F26D-4453-A124-85A4C94DEC3F}.Debug|Any CPU.Build.0 = Debug|Any CPU
		{DF4EEAF1-F26D-4453-A124-85A4C94DEC3F}.Debug|x64.ActiveCfg = Debug|Any CPU
		{DF4EEAF1-F26D-4453-A124-85A4C94DEC3F}.Debug|x64.Build.0 = Debug|Any CPU
		{DF4EEAF1-F26D-4453-A124-85A4C94DEC3F}.Debug|x86.ActiveCfg = Debug|Any CPU
		{DF4EEAF1-F26D-4453-A124-85A4C94DEC3F}.Debug|x86.Build.0 = Debug|Any CPU
		{DF4EEAF1-F26D-4453-A124-85A4C94DEC3F}.Release|Any CPU.ActiveCfg = Release|Any CPU
		{DF4EEAF1-F26D-4453-A124-85A4C94DEC3F}.Release|Any CPU.Build.0 = Release|Any CPU
		{DF4EEAF1-F26D-4453-A124-85A4C94DEC3F}.Release|x64.ActiveCfg = Release|Any CPU
		{DF4EEAF1-F26D-4453-A124-85A4C94DEC3F}.Release|x64.Build.0 = Release|Any CPU
		{DF4EEAF1-F26D-4453-A124-85A4C94DEC3F}.Release|x86.ActiveCfg = Release|Any CPU
		{DF4EEAF1-F26D-4453-A124-85A4C94DEC3F}.Release|x86.Build.0 = Release|Any CPU
		{FD20452B-D389-4D34-AA5B-31173B4264C5}.Debug|Any CPU.ActiveCfg = Debug|Any CPU
		{FD20452B-D389-4D34-AA5B-31173B4264C5}.Debug|Any CPU.Build.0 = Debug|Any CPU
		{FD20452B-D389-4D34-AA5B-31173B4264C5}.Debug|x64.ActiveCfg = Debug|Any CPU
		{FD20452B-D389-4D34-AA5B-31173B4264C5}.Debug|x64.Build.0 = Debug|Any CPU
		{FD20452B-D389-4D34-AA5B-31173B4264C5}.Debug|x86.ActiveCfg = Debug|Any CPU
		{FD20452B-D389-4D34-AA5B-31173B4264C5}.Debug|x86.Build.0 = Debug|Any CPU
		{FD20452B-D389-4D34-AA5B-31173B4264C5}.Release|Any CPU.ActiveCfg = Release|Any CPU
		{FD20452B-D389-4D34-AA5B-31173B4264C5}.Release|Any CPU.Build.0 = Release|Any CPU
		{FD20452B-D389-4D34-AA5B-31173B4264C5}.Release|x64.ActiveCfg = Release|Any CPU
		{FD20452B-D389-4D34-AA5B-31173B4264C5}.Release|x64.Build.0 = Release|Any CPU
		{FD20452B-D389-4D34-AA5B-31173B4264C5}.Release|x86.ActiveCfg = Release|Any CPU
		{FD20452B-D389-4D34-AA5B-31173B4264C5}.Release|x86.Build.0 = Release|Any CPU
	EndGlobalSection
	GlobalSection(SolutionProperties) = preSolution
		HideSolutionNode = FALSE
	EndGlobalSection
	GlobalSection(ExtensibilityGlobals) = postSolution
		SolutionGuid = {591500B8-76A3-4976-BF5E-EE911D7B6EE7}
	EndGlobalSection
EndGlobal
